--- 
hash: 6c8cf2ae3dbb300949083d8e24b9a0b11b0b2e96
sources: 
- Rubygems: 
    uri: http://gemcutter.org
specs: 
- rake: 
    version: 0.8.7
- activesupport: 
    version: 2.3.7
- bson: 
    version: "1.0"
- bson_ext: 
    version: "1.0"
- curb: 
    version: 0.7.3
- json: 
    version: 1.4.3
- nokogiri: 
    version: 1.4.2
- calais: 
    version: 0.0.9
- rack: 
    version: 1.1.0
- sinatra: 
    version: "1.0"
- chowder: 
    version: 0.2.4.1
- haml: 
    version: 3.0.4
- hpricot: 
    version: 0.8.2
- mime-types: 
    version: "1.16"
- rest-client: 
    version: 1.5.1
- jakal: 
    version: 0.1.93
- jnunemaker-validatable: 
    version: 1.8.4
- mongo: 
    version: "1.0"
- plucky: 
    version: 0.1.1
- mongo_mapper: 
    version: 0.7.6
- rack-flash: 
    version: 0.1.1
dependencies: 
  sinatra: 
    version: = 1.0
    group: 
    - :default
  jakal: 
    version: = 0.1.93
    group: 
    - :default
  bson_ext: 
    version: = 1.0
    group: 
    - :default
  mongo_mapper: 
    version: = 0.7.6
    group: 
    - :default
  haml: 
    version: = 3.0.4
    group: 
    - :default
  chowder: 
    version: = 0.2.4.1
    group: 
    - :default
  rack-flash: 
    version: = 0.1.1
    group: 
    - :default
  rake: 
    version: = 0.8.7
    group: 
    - :default
